
Microsoft Visual Studio Solution File, Format Version 12.00
# Visual Studio Version 16
VisualStudioVersion = 16.0.32802.440
MinimumVisualStudioVersion = 10.0.40219.1
Project("{9A19103F-16F7-4668-BE54-9A1E7A4F7556}") = "LYC", "LYC\LYC.csproj", "{ADD7B52A-47B7-4972-B4F2-482DD543CD7B}"
EndProject
Project("{2150E333-8FDC-42A3-9474-1A3956D46DE8}") = "API", "API", "{BBC762F5-1553-406F-90FF-5E086BA61E58}"
EndProject
Project("{2150E333-8FDC-42A3-9474-1A3956D46DE8}") = "ClientApp", "ClientApp", "{3157F997-4FF1-49F3-B130-C1BCEBEB0443}"
EndProject
Project("{2150E333-8FDC-42A3-9474-1A3956D46DE8}") = "WebPortal", "WebPortal", "{EC8969A1-5B0D-4B2D-A0D7-0D8B75D7D5F4}"
EndProject
Project("{2150E333-8FDC-42A3-9474-1A3956D46DE8}") = "MobileApp", "MobileApp", "{3C311241-2AB9-4422-A152-5A726616675E}"
EndProject
Project("{9A19103F-16F7-4668-BE54-9A1E7A4F7556}") = "ViewModels", "ViewModels\ViewModels.csproj", "{2E77466D-AF17-4D0C-98A4-616D4FEF940F}"
EndProject
Project("{2150E333-8FDC-42A3-9474-1A3956D46DE8}") = "Common", "Common", "{83DA8C76-013E-4F25-9C7A-B81D54E0F865}"
EndProject
Project("{9A19103F-16F7-4668-BE54-9A1E7A4F7556}") = "Utilities", "Utilities\Utilities.csproj", "{441C91D8-03F2-4FB9-948D-7D09D77728C5}"
EndProject
Project("{FAE04EC0-301F-11D3-BF4B-00C04F79EFBC}") = "LYCPortal", "LYCPortal\LYCPortal.csproj", "{617555B3-1D44-401D-8139-E27574A6BF44}"
EndProject
Global
	GlobalSection(SolutionConfigurationPlatforms) = preSolution
		Debug|Any CPU = Debug|Any CPU
		Release|Any CPU = Release|Any CPU
	EndGlobalSection
	GlobalSection(ProjectConfigurationPlatforms) = postSolution
		{ADD7B52A-47B7-4972-B4F2-482DD543CD7B}.Debug|Any CPU.ActiveCfg = Debug|Any CPU
		{ADD7B52A-47B7-4972-B4F2-482DD543CD7B}.Debug|Any CPU.Build.0 = Debug|Any CPU
		{ADD7B52A-47B7-4972-B4F2-482DD543CD7B}.Release|Any CPU.ActiveCfg = Release|Any CPU
		{ADD7B52A-47B7-4972-B4F2-482DD543CD7B}.Release|Any CPU.Build.0 = Release|Any CPU
		{2E77466D-AF17-4D0C-98A4-616D4FEF940F}.Debug|Any CPU.ActiveCfg = Debug|Any CPU
		{2E77466D-AF17-4D0C-98A4-616D4FEF940F}.Debug|Any CPU.Build.0 = Debug|Any CPU
		{2E77466D-AF17-4D0C-98A4-616D4FEF940F}.Release|Any CPU.ActiveCfg = Release|Any CPU
		{2E77466D-AF17-4D0C-98A4-616D4FEF940F}.Release|Any CPU.Build.0 = Release|Any CPU
		{441C91D8-03F2-4FB9-948D-7D09D77728C5}.Debug|Any CPU.ActiveCfg = Debug|Any CPU
		{441C91D8-03F2-4FB9-948D-7D09D77728C5}.Debug|Any CPU.Build.0 = Debug|Any CPU
		{441C91D8-03F2-4FB9-948D-7D09D77728C5}.Release|Any CPU.ActiveCfg = Release|Any CPU
		{441C91D8-03F2-4FB9-948D-7D09D77728C5}.Release|Any CPU.Build.0 = Release|Any CPU
		{617555B3-1D44-401D-8139-E27574A6BF44}.Debug|Any CPU.ActiveCfg = Debug|Any CPU
		{617555B3-1D44-401D-8139-E27574A6BF44}.Debug|Any CPU.Build.0 = Debug|Any CPU
		{617555B3-1D44-401D-8139-E27574A6BF44}.Release|Any CPU.ActiveCfg = Release|Any CPU
		{617555B3-1D44-401D-8139-E27574A6BF44}.Release|Any CPU.Build.0 = Release|Any CPU
	EndGlobalSection
	GlobalSection(SolutionProperties) = preSolution
		HideSolutionNode = FALSE
	EndGlobalSection
	GlobalSection(NestedProjects) = preSolution
		{ADD7B52A-47B7-4972-B4F2-482DD543CD7B} = {BBC762F5-1553-406F-90FF-5E086BA61E58}
		{EC8969A1-5B0D-4B2D-A0D7-0D8B75D7D5F4} = {3157F997-4FF1-49F3-B130-C1BCEBEB0443}
		{3C311241-2AB9-4422-A152-5A726616675E} = {3157F997-4FF1-49F3-B130-C1BCEBEB0443}
		{2E77466D-AF17-4D0C-98A4-616D4FEF940F} = {83DA8C76-013E-4F25-9C7A-B81D54E0F865}
		{441C91D8-03F2-4FB9-948D-7D09D77728C5} = {83DA8C76-013E-4F25-9C7A-B81D54E0F865}
		{617555B3-1D44-401D-8139-E27574A6BF44} = {EC8969A1-5B0D-4B2D-A0D7-0D8B75D7D5F4}
	EndGlobalSection
	GlobalSection(ExtensibilityGlobals) = postSolution
		SolutionGuid = {8E4B67BC-28E2-4342-AC60-2574FE015774}
	EndGlobalSection
EndGlobal
